// !$*UTF8*$!
{
	archiveVersion = 1;
	classes = {
	};
	objectVersion = 50;
	objects = {

/* Begin PBXBuildFile section */
		4CE3BBFFBC36F9D539E2D5A9 /* Pods_DatabaseSpreadsheetTests.framework in Frameworks */ = {isa = PBXBuildFile; fileRef = AD5B551C238CE73EF6786C5F /* Pods_DatabaseSpreadsheetTests.framework */; };
		69A538653D402D66198BCDBB /* Pods_DatabaseSpreadsheet.framework in Frameworks */ = {isa = PBXBuildFile; fileRef = D75EFAA3DA899FB29B89DBFD /* Pods_DatabaseSpreadsheet.framework */; };
		95392CE921FD30AB00D43AA3 /* CompletedViewController.swift in Sources */ = {isa = PBXBuildFile; fileRef = 95392CE821FD30AB00D43AA3 /* CompletedViewController.swift */; };
		9556F4B821D0925600E7FAB5 /* InfoViewController.swift in Sources */ = {isa = PBXBuildFile; fileRef = 9556F4B721D0925600E7FAB5 /* InfoViewController.swift */; };
		9556F4BA21D0927800E7FAB5 /* InfoDetailViewController.swift in Sources */ = {isa = PBXBuildFile; fileRef = 9556F4B921D0927800E7FAB5 /* InfoDetailViewController.swift */; };
		9556F4BC21D092A200E7FAB5 /* InfoDetailTableViewCell.swift in Sources */ = {isa = PBXBuildFile; fileRef = 9556F4BB21D092A200E7FAB5 /* InfoDetailTableViewCell.swift */; };
		9556F4BE21D1E2E400E7FAB5 /* InfoDetailPopoverViewController.swift in Sources */ = {isa = PBXBuildFile; fileRef = 9556F4BD21D1E2E400E7FAB5 /* InfoDetailPopoverViewController.swift */; };
		95734C6821EE543500E2D958 /* InProgressViewController.swift in Sources */ = {isa = PBXBuildFile; fileRef = 95734C6721EE543500E2D958 /* InProgressViewController.swift */; };
		95734C6A21EE552000E2D958 /* InvoiceTableViewCell.swift in Sources */ = {isa = PBXBuildFile; fileRef = 95734C6921EE552000E2D958 /* InvoiceTableViewCell.swift */; };
		959B25B521C351ED00DAF5DB /* AppDelegate.swift in Sources */ = {isa = PBXBuildFile; fileRef = 959B25B421C351ED00DAF5DB /* AppDelegate.swift */; };
		959B25BA21C351EE00DAF5DB /* Main.storyboard in Resources */ = {isa = PBXBuildFile; fileRef = 959B25B821C351EE00DAF5DB /* Main.storyboard */; };
		959B25BC21C351EE00DAF5DB /* Assets.xcassets in Resources */ = {isa = PBXBuildFile; fileRef = 959B25BB21C351EE00DAF5DB /* Assets.xcassets */; };
		959B25BF21C351EE00DAF5DB /* LaunchScreen.storyboard in Resources */ = {isa = PBXBuildFile; fileRef = 959B25BD21C351EE00DAF5DB /* LaunchScreen.storyboard */; };
		959B25CA21C351EE00DAF5DB /* DatabaseSpreadsheetTests.swift in Sources */ = {isa = PBXBuildFile; fileRef = 959B25C921C351EE00DAF5DB /* DatabaseSpreadsheetTests.swift */; };
		959B25D521C351EE00DAF5DB /* DatabaseSpreadsheetUITests.swift in Sources */ = {isa = PBXBuildFile; fileRef = 959B25D421C351EE00DAF5DB /* DatabaseSpreadsheetUITests.swift */; };
		95B5A6FB21CD465F00CC2980 /* ProductPopoverViewController.swift in Sources */ = {isa = PBXBuildFile; fileRef = 95B5A6FA21CD465F00CC2980 /* ProductPopoverViewController.swift */; };
		95B5A6FF21CD6A9700CC2980 /* ProductTableViewCell.swift in Sources */ = {isa = PBXBuildFile; fileRef = 95B5A6FE21CD6A9700CC2980 /* ProductTableViewCell.swift */; };
		95BC40A321CC2A9800341776 /* GoogleService-Info.plist in Resources */ = {isa = PBXBuildFile; fileRef = 95BC40A221CC2A9800341776 /* GoogleService-Info.plist */; };
		95BC40A521CC2EE000341776 /* ProductViewController.swift in Sources */ = {isa = PBXBuildFile; fileRef = 95BC40A421CC2EE000341776 /* ProductViewController.swift */; };
		95C501D8228A1F6700EA16C2 /* DatabaseSpreadsheetModel.xcdatamodeld in Sources */ = {isa = PBXBuildFile; fileRef = 95C501D6228A1F6700EA16C2 /* DatabaseSpreadsheetModel.xcdatamodeld */; };
		95C7F20321E3EC5800746594 /* CSVFile.swift in Sources */ = {isa = PBXBuildFile; fileRef = 95C7F20221E3EC5800746594 /* CSVFile.swift */; };
		95E1DC6822D3DFF4004DAB8E /* DSDataController.swift in Sources */ = {isa = PBXBuildFile; fileRef = 95E1DC6722D3DFF4004DAB8E /* DSDataController.swift */; };
		95E1DC6A22D3E310004DAB8E /* DSData.swift in Sources */ = {isa = PBXBuildFile; fileRef = 95E1DC6922D3E310004DAB8E /* DSData.swift */; };
		FE5F2D2E65EC357F3DEBEE89 /* Pods_DatabaseSpreadsheetUITests.framework in Frameworks */ = {isa = PBXBuildFile; fileRef = 44C1A80C0B6A8BF5AF7569FA /* Pods_DatabaseSpreadsheetUITests.framework */; };
/* End PBXBuildFile section */

/* Begin PBXContainerItemProxy section */
		959B25C621C351EE00DAF5DB /* PBXContainerItemProxy */ = {
			isa = PBXContainerItemProxy;
			containerPortal = 959B25A921C351ED00DAF5DB /* Project object */;
			proxyType = 1;
			remoteGlobalIDString = 959B25B021C351ED00DAF5DB;
			remoteInfo = DatabaseSpreadsheet;
		};
		959B25D121C351EE00DAF5DB /* PBXContainerItemProxy */ = {
			isa = PBXContainerItemProxy;
			containerPortal = 959B25A921C351ED00DAF5DB /* Project object */;
			proxyType = 1;
			remoteGlobalIDString = 959B25B021C351ED00DAF5DB;
			remoteInfo = DatabaseSpreadsheet;
		};
/* End PBXContainerItemProxy section */

/* Begin PBXFileReference section */
		15A4EEA58B6E03AAED231E45 /* Pods-DatabaseSpreadsheetTests.release.xcconfig */ = {isa = PBXFileReference; includeInIndex = 1; lastKnownFileType = text.xcconfig; name = "Pods-DatabaseSpreadsheetTests.release.xcconfig"; path = "Pods/Target Support Files/Pods-DatabaseSpreadsheetTests/Pods-DatabaseSpreadsheetTests.release.xcconfig"; sourceTree = "<group>"; };
		28E6DB774466DB22262DE92A /* Pods-DatabaseSpreadsheet.debug.xcconfig */ = {isa = PBXFileReference; includeInIndex = 1; lastKnownFileType = text.xcconfig; name = "Pods-DatabaseSpreadsheet.debug.xcconfig"; path = "Pods/Target Support Files/Pods-DatabaseSpreadsheet/Pods-DatabaseSpreadsheet.debug.xcconfig"; sourceTree = "<group>"; };
		3DE1E1123D9E441A3805F68D /* Pods-DatabaseSpreadsheet.release.xcconfig */ = {isa = PBXFileReference; includeInIndex = 1; lastKnownFileType = text.xcconfig; name = "Pods-DatabaseSpreadsheet.release.xcconfig"; path = "Pods/Target Support Files/Pods-DatabaseSpreadsheet/Pods-DatabaseSpreadsheet.release.xcconfig"; sourceTree = "<group>"; };
		44C1A80C0B6A8BF5AF7569FA /* Pods_DatabaseSpreadsheetUITests.framework */ = {isa = PBXFileReference; explicitFileType = wrapper.framework; includeInIndex = 0; path = Pods_DatabaseSpreadsheetUITests.framework; sourceTree = BUILT_PRODUCTS_DIR; };
		69E7BDB309360E664786400C /* Pods-DatabaseSpreadsheetTests.debug.xcconfig */ = {isa = PBXFileReference; includeInIndex = 1; lastKnownFileType = text.xcconfig; name = "Pods-DatabaseSpreadsheetTests.debug.xcconfig"; path = "Pods/Target Support Files/Pods-DatabaseSpreadsheetTests/Pods-DatabaseSpreadsheetTests.debug.xcconfig"; sourceTree = "<group>"; };
		7CC0F8360B3F48B433F7C543 /* Pods-DatabaseSpreadsheetUITests.release.xcconfig */ = {isa = PBXFileReference; includeInIndex = 1; lastKnownFileType = text.xcconfig; name = "Pods-DatabaseSpreadsheetUITests.release.xcconfig"; path = "Pods/Target Support Files/Pods-DatabaseSpreadsheetUITests/Pods-DatabaseSpreadsheetUITests.release.xcconfig"; sourceTree = "<group>"; };
		95392CE821FD30AB00D43AA3 /* CompletedViewController.swift */ = {isa = PBXFileReference; lastKnownFileType = sourcecode.swift; path = CompletedViewController.swift; sourceTree = "<group>"; };
		9556F4B721D0925600E7FAB5 /* InfoViewController.swift */ = {isa = PBXFileReference; lastKnownFileType = sourcecode.swift; path = InfoViewController.swift; sourceTree = "<group>"; };
		9556F4B921D0927800E7FAB5 /* InfoDetailViewController.swift */ = {isa = PBXFileReference; lastKnownFileType = sourcecode.swift; path = InfoDetailViewController.swift; sourceTree = "<group>"; };
		9556F4BB21D092A200E7FAB5 /* InfoDetailTableViewCell.swift */ = {isa = PBXFileReference; lastKnownFileType = sourcecode.swift; path = InfoDetailTableViewCell.swift; sourceTree = "<group>"; };
		9556F4BD21D1E2E400E7FAB5 /* InfoDetailPopoverViewController.swift */ = {isa = PBXFileReference; lastKnownFileType = sourcecode.swift; path = InfoDetailPopoverViewController.swift; sourceTree = "<group>"; };
		95734C6721EE543500E2D958 /* InProgressViewController.swift */ = {isa = PBXFileReference; lastKnownFileType = sourcecode.swift; path = InProgressViewController.swift; sourceTree = "<group>"; };
		95734C6921EE552000E2D958 /* InvoiceTableViewCell.swift */ = {isa = PBXFileReference; lastKnownFileType = sourcecode.swift; path = InvoiceTableViewCell.swift; sourceTree = "<group>"; };
		959B25B121C351ED00DAF5DB /* DatabaseSpreadsheet.app */ = {isa = PBXFileReference; explicitFileType = wrapper.application; includeInIndex = 0; path = DatabaseSpreadsheet.app; sourceTree = BUILT_PRODUCTS_DIR; };
		959B25B421C351ED00DAF5DB /* AppDelegate.swift */ = {isa = PBXFileReference; lastKnownFileType = sourcecode.swift; path = AppDelegate.swift; sourceTree = "<group>"; };
		959B25B921C351EE00DAF5DB /* Base */ = {isa = PBXFileReference; lastKnownFileType = file.storyboard; name = Base; path = Base.lproj/Main.storyboard; sourceTree = "<group>"; };
		959B25BB21C351EE00DAF5DB /* Assets.xcassets */ = {isa = PBXFileReference; lastKnownFileType = folder.assetcatalog; path = Assets.xcassets; sourceTree = "<group>"; };
		959B25BE21C351EE00DAF5DB /* Base */ = {isa = PBXFileReference; lastKnownFileType = file.storyboard; name = Base; path = Base.lproj/LaunchScreen.storyboard; sourceTree = "<group>"; };
		959B25C021C351EE00DAF5DB /* Info.plist */ = {isa = PBXFileReference; lastKnownFileType = text.plist.xml; path = Info.plist; sourceTree = "<group>"; };
		959B25C521C351EE00DAF5DB /* DatabaseSpreadsheetTests.xctest */ = {isa = PBXFileReference; explicitFileType = wrapper.cfbundle; includeInIndex = 0; path = DatabaseSpreadsheetTests.xctest; sourceTree = BUILT_PRODUCTS_DIR; };
		959B25C921C351EE00DAF5DB /* DatabaseSpreadsheetTests.swift */ = {isa = PBXFileReference; lastKnownFileType = sourcecode.swift; path = DatabaseSpreadsheetTests.swift; sourceTree = "<group>"; };
		959B25CB21C351EE00DAF5DB /* Info.plist */ = {isa = PBXFileReference; lastKnownFileType = text.plist.xml; path = Info.plist; sourceTree = "<group>"; };
		959B25D021C351EE00DAF5DB /* DatabaseSpreadsheetUITests.xctest */ = {isa = PBXFileReference; explicitFileType = wrapper.cfbundle; includeInIndex = 0; path = DatabaseSpreadsheetUITests.xctest; sourceTree = BUILT_PRODUCTS_DIR; };
		959B25D421C351EE00DAF5DB /* DatabaseSpreadsheetUITests.swift */ = {isa = PBXFileReference; lastKnownFileType = sourcecode.swift; path = DatabaseSpreadsheetUITests.swift; sourceTree = "<group>"; };
		959B25D621C351EF00DAF5DB /* Info.plist */ = {isa = PBXFileReference; lastKnownFileType = text.plist.xml; path = Info.plist; sourceTree = "<group>"; };
		95B5A6FA21CD465F00CC2980 /* ProductPopoverViewController.swift */ = {isa = PBXFileReference; lastKnownFileType = sourcecode.swift; path = ProductPopoverViewController.swift; sourceTree = "<group>"; };
		95B5A6FE21CD6A9700CC2980 /* ProductTableViewCell.swift */ = {isa = PBXFileReference; lastKnownFileType = sourcecode.swift; path = ProductTableViewCell.swift; sourceTree = "<group>"; };
		95BC40A221CC2A9800341776 /* GoogleService-Info.plist */ = {isa = PBXFileReference; fileEncoding = 4; lastKnownFileType = text.plist.xml; path = "GoogleService-Info.plist"; sourceTree = "<group>"; };
		95BC40A421CC2EE000341776 /* ProductViewController.swift */ = {isa = PBXFileReference; lastKnownFileType = sourcecode.swift; path = ProductViewController.swift; sourceTree = "<group>"; };
		95C501D7228A1F6700EA16C2 /* DatabaseSpreadsheetModel.xcdatamodel */ = {isa = PBXFileReference; lastKnownFileType = wrapper.xcdatamodel; path = DatabaseSpreadsheetModel.xcdatamodel; sourceTree = "<group>"; };
		95C7F20221E3EC5800746594 /* CSVFile.swift */ = {isa = PBXFileReference; lastKnownFileType = sourcecode.swift; path = CSVFile.swift; sourceTree = "<group>"; };
		95E1DC6722D3DFF4004DAB8E /* DSDataController.swift */ = {isa = PBXFileReference; lastKnownFileType = sourcecode.swift; path = DSDataController.swift; sourceTree = "<group>"; };
		95E1DC6922D3E310004DAB8E /* DSData.swift */ = {isa = PBXFileReference; lastKnownFileType = sourcecode.swift; path = DSData.swift; sourceTree = "<group>"; };
		AD5B551C238CE73EF6786C5F /* Pods_DatabaseSpreadsheetTests.framework */ = {isa = PBXFileReference; explicitFileType = wrapper.framework; includeInIndex = 0; path = Pods_DatabaseSpreadsheetTests.framework; sourceTree = BUILT_PRODUCTS_DIR; };
		D75EFAA3DA899FB29B89DBFD /* Pods_DatabaseSpreadsheet.framework */ = {isa = PBXFileReference; explicitFileType = wrapper.framework; includeInIndex = 0; path = Pods_DatabaseSpreadsheet.framework; sourceTree = BUILT_PRODUCTS_DIR; };
		F298840E127082F4FB37A1F3 /* Pods-DatabaseSpreadsheetUITests.debug.xcconfig */ = {isa = PBXFileReference; includeInIndex = 1; lastKnownFileType = text.xcconfig; name = "Pods-DatabaseSpreadsheetUITests.debug.xcconfig"; path = "Pods/Target Support Files/Pods-DatabaseSpreadsheetUITests/Pods-DatabaseSpreadsheetUITests.debug.xcconfig"; sourceTree = "<group>"; };
/* End PBXFileReference section */

/* Begin PBXFrameworksBuildPhase section */
		959B25AE21C351ED00DAF5DB /* Frameworks */ = {
			isa = PBXFrameworksBuildPhase;
			buildActionMask = 2147483647;
			files = (
				69A538653D402D66198BCDBB /* Pods_DatabaseSpreadsheet.framework in Frameworks */,
			);
			runOnlyForDeploymentPostprocessing = 0;
		};
		959B25C221C351EE00DAF5DB /* Frameworks */ = {
			isa = PBXFrameworksBuildPhase;
			buildActionMask = 2147483647;
			files = (
				4CE3BBFFBC36F9D539E2D5A9 /* Pods_DatabaseSpreadsheetTests.framework in Frameworks */,
			);
			runOnlyForDeploymentPostprocessing = 0;
		};
		959B25CD21C351EE00DAF5DB /* Frameworks */ = {
			isa = PBXFrameworksBuildPhase;
			buildActionMask = 2147483647;
			files = (
				FE5F2D2E65EC357F3DEBEE89 /* Pods_DatabaseSpreadsheetUITests.framework in Frameworks */,
			);
			runOnlyForDeploymentPostprocessing = 0;
		};
/* End PBXFrameworksBuildPhase section */

/* Begin PBXGroup section */
		9539A4EE2203866200BDA2BA /* UI */ = {
			isa = PBXGroup;
			children = (
				9539A4F0220386D000BDA2BA /* Cells */,
				95B5A6FA21CD465F00CC2980 /* ProductPopoverViewController.swift */,
			);
			path = UI;
			sourceTree = "<group>";
		};
		9539A4EF2203868F00BDA2BA /* Custom Objects */ = {
			isa = PBXGroup;
			children = (
				95C7F20221E3EC5800746594 /* CSVFile.swift */,
				95C501D6228A1F6700EA16C2 /* DatabaseSpreadsheetModel.xcdatamodeld */,
			);
			path = "Custom Objects";
			sourceTree = "<group>";
		};
		9539A4F0220386D000BDA2BA /* Cells */ = {
			isa = PBXGroup;
			children = (
				9556F4BB21D092A200E7FAB5 /* InfoDetailTableViewCell.swift */,
				95B5A6FE21CD6A9700CC2980 /* ProductTableViewCell.swift */,
				95734C6921EE552000E2D958 /* InvoiceTableViewCell.swift */,
			);
			path = Cells;
			sourceTree = "<group>";
		};
		9539A4F1220386EF00BDA2BA /* ViewControllers */ = {
			isa = PBXGroup;
			children = (
				95392CE821FD30AB00D43AA3 /* CompletedViewController.swift */,
				95BC40A421CC2EE000341776 /* ProductViewController.swift */,
				95734C6721EE543500E2D958 /* InProgressViewController.swift */,
				9556F4B721D0925600E7FAB5 /* InfoViewController.swift */,
				9556F4B921D0927800E7FAB5 /* InfoDetailViewController.swift */,
				9556F4BD21D1E2E400E7FAB5 /* InfoDetailPopoverViewController.swift */,
			);
			path = ViewControllers;
			sourceTree = "<group>";
		};
		959B25A821C351ED00DAF5DB = {
			isa = PBXGroup;
			children = (
				959B25B321C351ED00DAF5DB /* DatabaseSpreadsheet */,
				959B25C821C351EE00DAF5DB /* DatabaseSpreadsheetTests */,
				959B25D321C351EE00DAF5DB /* DatabaseSpreadsheetUITests */,
				959B25B221C351ED00DAF5DB /* Products */,
				CB2C45963984525E3A6E38C9 /* Pods */,
				A4B029E07BF1B6F5A3C95AB9 /* Frameworks */,
			);
			sourceTree = "<group>";
		};
		959B25B221C351ED00DAF5DB /* Products */ = {
			isa = PBXGroup;
			children = (
				959B25B121C351ED00DAF5DB /* DatabaseSpreadsheet.app */,
				959B25C521C351EE00DAF5DB /* DatabaseSpreadsheetTests.xctest */,
				959B25D021C351EE00DAF5DB /* DatabaseSpreadsheetUITests.xctest */,
			);
			name = Products;
			sourceTree = "<group>";
		};
		959B25B321C351ED00DAF5DB /* DatabaseSpreadsheet */ = {
			isa = PBXGroup;
			children = (
				959B25B421C351ED00DAF5DB /* AppDelegate.swift */,
				959B25B821C351EE00DAF5DB /* Main.storyboard */,
				959B25BB21C351EE00DAF5DB /* Assets.xcassets */,
				959B25BD21C351EE00DAF5DB /* LaunchScreen.storyboard */,
				959B25C021C351EE00DAF5DB /* Info.plist */,
				95BC40A221CC2A9800341776 /* GoogleService-Info.plist */,
				9539A4F1220386EF00BDA2BA /* ViewControllers */,
				9539A4EE2203866200BDA2BA /* UI */,
				9539A4EF2203868F00BDA2BA /* Custom Objects */,
				95E1DC6B22D3EB77004DAB8E /* DataEngine */,
			);
			path = DatabaseSpreadsheet;
			sourceTree = "<group>";
		};
		959B25C821C351EE00DAF5DB /* DatabaseSpreadsheetTests */ = {
			isa = PBXGroup;
			children = (
				959B25C921C351EE00DAF5DB /* DatabaseSpreadsheetTests.swift */,
				959B25CB21C351EE00DAF5DB /* Info.plist */,
			);
			path = DatabaseSpreadsheetTests;
			sourceTree = "<group>";
		};
		959B25D321C351EE00DAF5DB /* DatabaseSpreadsheetUITests */ = {
			isa = PBXGroup;
			children = (
				959B25D421C351EE00DAF5DB /* DatabaseSpreadsheetUITests.swift */,
				959B25D621C351EF00DAF5DB /* Info.plist */,
			);
			path = DatabaseSpreadsheetUITests;
			sourceTree = "<group>";
		};
		95E1DC6B22D3EB77004DAB8E /* DataEngine */ = {
			isa = PBXGroup;
			children = (
				95E1DC6922D3E310004DAB8E /* DSData.swift */,
				95E1DC6722D3DFF4004DAB8E /* DSDataController.swift */,
			);
			path = DataEngine;
			sourceTree = "<group>";
		};
		A4B029E07BF1B6F5A3C95AB9 /* Frameworks */ = {
			isa = PBXGroup;
			children = (
				D75EFAA3DA899FB29B89DBFD /* Pods_DatabaseSpreadsheet.framework */,
				AD5B551C238CE73EF6786C5F /* Pods_DatabaseSpreadsheetTests.framework */,
				44C1A80C0B6A8BF5AF7569FA /* Pods_DatabaseSpreadsheetUITests.framework */,
			);
			name = Frameworks;
			sourceTree = "<group>";
		};
		CB2C45963984525E3A6E38C9 /* Pods */ = {
			isa = PBXGroup;
			children = (
				28E6DB774466DB22262DE92A /* Pods-DatabaseSpreadsheet.debug.xcconfig */,
				3DE1E1123D9E441A3805F68D /* Pods-DatabaseSpreadsheet.release.xcconfig */,
				69E7BDB309360E664786400C /* Pods-DatabaseSpreadsheetTests.debug.xcconfig */,
				15A4EEA58B6E03AAED231E45 /* Pods-DatabaseSpreadsheetTests.release.xcconfig */,
				F298840E127082F4FB37A1F3 /* Pods-DatabaseSpreadsheetUITests.debug.xcconfig */,
				7CC0F8360B3F48B433F7C543 /* Pods-DatabaseSpreadsheetUITests.release.xcconfig */,
			);
			name = Pods;
			sourceTree = "<group>";
		};
/* End PBXGroup section */

/* Begin PBXNativeTarget section */
		959B25B021C351ED00DAF5DB /* DatabaseSpreadsheet */ = {
			isa = PBXNativeTarget;
			buildConfigurationList = 959B25D921C351EF00DAF5DB /* Build configuration list for PBXNativeTarget "DatabaseSpreadsheet" */;
			buildPhases = (
				4EA9702632F945739A10A8BE /* [CP] Check Pods Manifest.lock */,
				959B25AD21C351ED00DAF5DB /* Sources */,
				959B25AE21C351ED00DAF5DB /* Frameworks */,
				959B25AF21C351ED00DAF5DB /* Resources */,
			);
			buildRules = (
			);
			dependencies = (
			);
			name = DatabaseSpreadsheet;
			productName = DatabaseSpreadsheet;
			productReference = 959B25B121C351ED00DAF5DB /* DatabaseSpreadsheet.app */;
			productType = "com.apple.product-type.application";
		};
		959B25C421C351EE00DAF5DB /* DatabaseSpreadsheetTests */ = {
			isa = PBXNativeTarget;
			buildConfigurationList = 959B25DC21C351EF00DAF5DB /* Build configuration list for PBXNativeTarget "DatabaseSpreadsheetTests" */;
			buildPhases = (
				E34B4974F9126105576E3F23 /* [CP] Check Pods Manifest.lock */,
				959B25C121C351EE00DAF5DB /* Sources */,
				959B25C221C351EE00DAF5DB /* Frameworks */,
				959B25C321C351EE00DAF5DB /* Resources */,
			);
			buildRules = (
			);
			dependencies = (
				959B25C721C351EE00DAF5DB /* PBXTargetDependency */,
			);
			name = DatabaseSpreadsheetTests;
			productName = DatabaseSpreadsheetTests;
			productReference = 959B25C521C351EE00DAF5DB /* DatabaseSpreadsheetTests.xctest */;
			productType = "com.apple.product-type.bundle.unit-test";
		};
		959B25CF21C351EE00DAF5DB /* DatabaseSpreadsheetUITests */ = {
			isa = PBXNativeTarget;
			buildConfigurationList = 959B25DF21C351EF00DAF5DB /* Build configuration list for PBXNativeTarget "DatabaseSpreadsheetUITests" */;
			buildPhases = (
				36DBCE8E856DEE55A76BCADD /* [CP] Check Pods Manifest.lock */,
				959B25CC21C351EE00DAF5DB /* Sources */,
				959B25CD21C351EE00DAF5DB /* Frameworks */,
				959B25CE21C351EE00DAF5DB /* Resources */,
			);
			buildRules = (
			);
			dependencies = (
				959B25D221C351EE00DAF5DB /* PBXTargetDependency */,
			);
			name = DatabaseSpreadsheetUITests;
			productName = DatabaseSpreadsheetUITests;
			productReference = 959B25D021C351EE00DAF5DB /* DatabaseSpreadsheetUITests.xctest */;
			productType = "com.apple.product-type.bundle.ui-testing";
		};
/* End PBXNativeTarget section */

/* Begin PBXProject section */
		959B25A921C351ED00DAF5DB /* Project object */ = {
			isa = PBXProject;
			attributes = {
				LastSwiftUpdateCheck = 1010;
				LastUpgradeCheck = 1010;
				ORGANIZATIONNAME = "Alex Drewno";
				TargetAttributes = {
					959B25B021C351ED00DAF5DB = {
						CreatedOnToolsVersion = 10.1;
					};
					959B25C421C351EE00DAF5DB = {
						CreatedOnToolsVersion = 10.1;
						TestTargetID = 959B25B021C351ED00DAF5DB;
					};
					959B25CF21C351EE00DAF5DB = {
						CreatedOnToolsVersion = 10.1;
						TestTargetID = 959B25B021C351ED00DAF5DB;
					};
				};
			};
			buildConfigurationList = 959B25AC21C351ED00DAF5DB /* Build configuration list for PBXProject "DatabaseSpreadsheet" */;
			compatibilityVersion = "Xcode 9.3";
			developmentRegion = en;
			hasScannedForEncodings = 0;
			knownRegions = (
				en,
				Base,
			);
			mainGroup = 959B25A821C351ED00DAF5DB;
			productRefGroup = 959B25B221C351ED00DAF5DB /* Products */;
			projectDirPath = "";
			projectRoot = "";
			targets = (
				959B25B021C351ED00DAF5DB /* DatabaseSpreadsheet */,
				959B25C421C351EE00DAF5DB /* DatabaseSpreadsheetTests */,
				959B25CF21C351EE00DAF5DB /* DatabaseSpreadsheetUITests */,
			);
		};
/* End PBXProject section */

/* Begin PBXResourcesBuildPhase section */
		959B25AF21C351ED00DAF5DB /* Resources */ = {
			isa = PBXResourcesBuildPhase;
			buildActionMask = 2147483647;
			files = (
				959B25BF21C351EE00DAF5DB /* LaunchScreen.storyboard in Resources */,
				959B25BC21C351EE00DAF5DB /* Assets.xcassets in Resources */,
				959B25BA21C351EE00DAF5DB /* Main.storyboard in Resources */,
				95BC40A321CC2A9800341776 /* GoogleService-Info.plist in Resources */,
			);
			runOnlyForDeploymentPostprocessing = 0;
		};
		959B25C321C351EE00DAF5DB /* Resources */ = {
			isa = PBXResourcesBuildPhase;
			buildActionMask = 2147483647;
			files = (
			);
			runOnlyForDeploymentPostprocessing = 0;
		};
		959B25CE21C351EE00DAF5DB /* Resources */ = {
			isa = PBXResourcesBuildPhase;
			buildActionMask = 2147483647;
			files = (
			);
			runOnlyForDeploymentPostprocessing = 0;
		};
/* End PBXResourcesBuildPhase section */

/* Begin PBXShellScriptBuildPhase section */
		36DBCE8E856DEE55A76BCADD /* [CP] Check Pods Manifest.lock */ = {
			isa = PBXShellScriptBuildPhase;
			buildActionMask = 2147483647;
			files = (
			);
			inputPaths = (
				"${PODS_PODFILE_DIR_PATH}/Podfile.lock",
				"${PODS_ROOT}/Manifest.lock",
			);
			name = "[CP] Check Pods Manifest.lock";
			outputPaths = (
				"$(DERIVED_FILE_DIR)/Pods-DatabaseSpreadsheetUITests-checkManifestLockResult.txt",
			);
			runOnlyForDeploymentPostprocessing = 0;
			shellPath = /bin/sh;
			shellScript = "diff \"${PODS_PODFILE_DIR_PATH}/Podfile.lock\" \"${PODS_ROOT}/Manifest.lock\" > /dev/null\nif [ $? != 0 ] ; then\n    # print error to STDERR\n    echo \"error: The sandbox is not in sync with the Podfile.lock. Run 'pod install' or update your CocoaPods installation.\" >&2\n    exit 1\nfi\n# This output is used by Xcode 'outputs' to avoid re-running this script phase.\necho \"SUCCESS\" > \"${SCRIPT_OUTPUT_FILE_0}\"\n";
			showEnvVarsInLog = 0;
		};
		4EA9702632F945739A10A8BE /* [CP] Check Pods Manifest.lock */ = {
			isa = PBXShellScriptBuildPhase;
			buildActionMask = 2147483647;
			files = (
			);
			inputPaths = (
				"${PODS_PODFILE_DIR_PATH}/Podfile.lock",
				"${PODS_ROOT}/Manifest.lock",
			);
			name = "[CP] Check Pods Manifest.lock";
			outputPaths = (
				"$(DERIVED_FILE_DIR)/Pods-DatabaseSpreadsheet-checkManifestLockResult.txt",
			);
			runOnlyForDeploymentPostprocessing = 0;
			shellPath = /bin/sh;
			shellScript = "diff \"${PODS_PODFILE_DIR_PATH}/Podfile.lock\" \"${PODS_ROOT}/Manifest.lock\" > /dev/null\nif [ $? != 0 ] ; then\n    # print error to STDERR\n    echo \"error: The sandbox is not in sync with the Podfile.lock. Run 'pod install' or update your CocoaPods installation.\" >&2\n    exit 1\nfi\n# This output is used by Xcode 'outputs' to avoid re-running this script phase.\necho \"SUCCESS\" > \"${SCRIPT_OUTPUT_FILE_0}\"\n";
			showEnvVarsInLog = 0;
		};
		E34B4974F9126105576E3F23 /* [CP] Check Pods Manifest.lock */ = {
			isa = PBXShellScriptBuildPhase;
			buildActionMask = 2147483647;
			files = (
			);
			inputPaths = (
				"${PODS_PODFILE_DIR_PATH}/Podfile.lock",
				"${PODS_ROOT}/Manifest.lock",
			);
			name = "[CP] Check Pods Manifest.lock";
			outputPaths = (
				"$(DERIVED_FILE_DIR)/Pods-DatabaseSpreadsheetTests-checkManifestLockResult.txt",
			);
			runOnlyForDeploymentPostprocessing = 0;
			shellPath = /bin/sh;
			shellScript = "diff \"${PODS_PODFILE_DIR_PATH}/Podfile.lock\" \"${PODS_ROOT}/Manifest.lock\" > /dev/null\nif [ $? != 0 ] ; then\n    # print error to STDERR\n    echo \"error: The sandbox is not in sync with the Podfile.lock. Run 'pod install' or update your CocoaPods installation.\" >&2\n    exit 1\nfi\n# This output is used by Xcode 'outputs' to avoid re-running this script phase.\necho \"SUCCESS\" > \"${SCRIPT_OUTPUT_FILE_0}\"\n";
			showEnvVarsInLog = 0;
		};
/* End PBXShellScriptBuildPhase section */

/* Begin PBXSourcesBuildPhase section */
		959B25AD21C351ED00DAF5DB /* Sources */ = {
			isa = PBXSourcesBuildPhase;
			buildActionMask = 2147483647;
			files = (
				95BC40A521CC2EE000341776 /* ProductViewController.swift in Sources */,
				95392CE921FD30AB00D43AA3 /* CompletedViewController.swift in Sources */,
				95734C6A21EE552000E2D958 /* InvoiceTableViewCell.swift in Sources */,
				95E1DC6A22D3E310004DAB8E /* DSData.swift in Sources */,
				9556F4BC21D092A200E7FAB5 /* InfoDetailTableViewCell.swift in Sources */,
				95B5A6FF21CD6A9700CC2980 /* ProductTableViewCell.swift in Sources */,
				95B5A6FB21CD465F00CC2980 /* ProductPopoverViewController.swift in Sources */,
				95C7F20321E3EC5800746594 /* CSVFile.swift in Sources */,
				9556F4B821D0925600E7FAB5 /* InfoViewController.swift in Sources */,
				95E1DC6822D3DFF4004DAB8E /* DSDataController.swift in Sources */,
				95C501D8228A1F6700EA16C2 /* DatabaseSpreadsheetModel.xcdatamodeld in Sources */,
				95734C6821EE543500E2D958 /* InProgressViewController.swift in Sources */,
				9556F4BA21D0927800E7FAB5 /* InfoDetailViewController.swift in Sources */,
				959B25B521C351ED00DAF5DB /* AppDelegate.swift in Sources */,
				9556F4BE21D1E2E400E7FAB5 /* InfoDetailPopoverViewController.swift in Sources */,
			);
			runOnlyForDeploymentPostprocessing = 0;
		};
		959B25C121C351EE00DAF5DB /* Sources */ = {
			isa = PBXSourcesBuildPhase;
			buildActionMask = 2147483647;
			files = (
				959B25CA21C351EE00DAF5DB /* DatabaseSpreadsheetTests.swift in Sources */,
			);
			runOnlyForDeploymentPostprocessing = 0;
		};
		959B25CC21C351EE00DAF5DB /* Sources */ = {
			isa = PBXSourcesBuildPhase;
			buildActionMask = 2147483647;
			files = (
				959B25D521C351EE00DAF5DB /* DatabaseSpreadsheetUITests.swift in Sources */,
			);
			runOnlyForDeploymentPostprocessing = 0;
		};
/* End PBXSourcesBuildPhase section */

/* Begin PBXTargetDependency section */
		959B25C721C351EE00DAF5DB /* PBXTargetDependency */ = {
			isa = PBXTargetDependency;
			target = 959B25B021C351ED00DAF5DB /* DatabaseSpreadsheet */;
			targetProxy = 959B25C621C351EE00DAF5DB /* PBXContainerItemProxy */;
		};
		959B25D221C351EE00DAF5DB /* PBXTargetDependency */ = {
			isa = PBXTargetDependency;
			target = 959B25B021C351ED00DAF5DB /* DatabaseSpreadsheet */;
			targetProxy = 959B25D121C351EE00DAF5DB /* PBXContainerItemProxy */;
		};
/* End PBXTargetDependency section */

/* Begin PBXVariantGroup section */
		959B25B821C351EE00DAF5DB /* Main.storyboard */ = {
			isa = PBXVariantGroup;
			children = (
				959B25B921C351EE00DAF5DB /* Base */,
			);
			name = Main.storyboard;
			sourceTree = "<group>";
		};
		959B25BD21C351EE00DAF5DB /* LaunchScreen.storyboard */ = {
			isa = PBXVariantGroup;
			children = (
				959B25BE21C351EE00DAF5DB /* Base */,
			);
			name = LaunchScreen.storyboard;
			sourceTree = "<group>";
		};
/* End PBXVariantGroup section */

/* Begin XCBuildConfiguration section */
		959B25D721C351EF00DAF5DB /* Debug */ = {
			isa = XCBuildConfiguration;
			buildSettings = {
				ALWAYS_SEARCH_USER_PATHS = NO;
				CLANG_ANALYZER_NONNULL = YES;
				CLANG_ANALYZER_NUMBER_OBJECT_CONVERSION = YES_AGGRESSIVE;
				CLANG_CXX_LANGUAGE_STANDARD = "gnu++14";
				CLANG_CXX_LIBRARY = "libc++";
				CLANG_ENABLE_MODULES = YES;
				CLANG_ENABLE_OBJC_ARC = YES;
				CLANG_ENABLE_OBJC_WEAK = YES;
				CLANG_WARN_BLOCK_CAPTURE_AUTORELEASING = YES;
				CLANG_WARN_BOOL_CONVERSION = YES;
				CLANG_WARN_COMMA = YES;
				CLANG_WARN_CONSTANT_CONVERSION = YES;
				CLANG_WARN_DEPRECATED_OBJC_IMPLEMENTATIONS = YES;
				CLANG_WARN_DIRECT_OBJC_ISA_USAGE = YES_ERROR;
				CLANG_WARN_DOCUMENTATION_COMMENTS = YES;
				CLANG_WARN_EMPTY_BODY = YES;
				CLANG_WARN_ENUM_CONVERSION = YES;
				CLANG_WARN_INFINITE_RECURSION = YES;
				CLANG_WARN_INT_CONVERSION = YES;
				CLANG_WARN_NON_LITERAL_NULL_CONVERSION = YES;
				CLANG_WARN_OBJC_IMPLICIT_RETAIN_SELF = YES;
				CLANG_WARN_OBJC_LITERAL_CONVERSION = YES;
				CLANG_WARN_OBJC_ROOT_CLASS = YES_ERROR;
				CLANG_WARN_RANGE_LOOP_ANALYSIS = YES;
				CLANG_WARN_STRICT_PROTOTYPES = YES;
				CLANG_WARN_SUSPICIOUS_MOVE = YES;
				CLANG_WARN_UNGUARDED_AVAILABILITY = YES_AGGRESSIVE;
				CLANG_WARN_UNREACHABLE_CODE = YES;
				CLANG_WARN__DUPLICATE_METHOD_MATCH = YES;
				CODE_SIGN_IDENTITY = "iPhone Developer";
				COPY_PHASE_STRIP = NO;
				DEBUG_INFORMATION_FORMAT = dwarf;
				ENABLE_STRICT_OBJC_MSGSEND = YES;
				ENABLE_TESTABILITY = YES;
				GCC_C_LANGUAGE_STANDARD = gnu11;
				GCC_DYNAMIC_NO_PIC = NO;
				GCC_NO_COMMON_BLOCKS = YES;
				GCC_OPTIMIZATION_LEVEL = 0;
				GCC_PREPROCESSOR_DEFINITIONS = (
					"DEBUG=1",
					"$(inherited)",
				);
				GCC_WARN_64_TO_32_BIT_CONVERSION = YES;
				GCC_WARN_ABOUT_RETURN_TYPE = YES_ERROR;
				GCC_WARN_UNDECLARED_SELECTOR = YES;
				GCC_WARN_UNINITIALIZED_AUTOS = YES_AGGRESSIVE;
				GCC_WARN_UNUSED_FUNCTION = YES;
				GCC_WARN_UNUSED_VARIABLE = YES;
				IPHONEOS_DEPLOYMENT_TARGET = 12.1;
				MTL_ENABLE_DEBUG_INFO = INCLUDE_SOURCE;
				MTL_FAST_MATH = YES;
				ONLY_ACTIVE_ARCH = YES;
				SDKROOT = iphoneos;
				SWIFT_ACTIVE_COMPILATION_CONDITIONS = DEBUG;
				SWIFT_OPTIMIZATION_LEVEL = "-Onone";
			};
			name = Debug;
		};
		959B25D821C351EF00DAF5DB /* Release */ = {
			isa = XCBuildConfiguration;
			buildSettings = {
				ALWAYS_SEARCH_USER_PATHS = NO;
				CLANG_ANALYZER_NONNULL = YES;
				CLANG_ANALYZER_NUMBER_OBJECT_CONVERSION = YES_AGGRESSIVE;
				CLANG_CXX_LANGUAGE_STANDARD = "gnu++14";
				CLANG_CXX_LIBRARY = "libc++";
				CLANG_ENABLE_MODULES = YES;
				CLANG_ENABLE_OBJC_ARC = YES;
				CLANG_ENABLE_OBJC_WEAK = YES;
				CLANG_WARN_BLOCK_CAPTURE_AUTORELEASING = YES;
				CLANG_WARN_BOOL_CONVERSION = YES;
				CLANG_WARN_COMMA = YES;
				CLANG_WARN_CONSTANT_CONVERSION = YES;
				CLANG_WARN_DEPRECATED_OBJC_IMPLEMENTATIONS = YES;
				CLANG_WARN_DIRECT_OBJC_ISA_USAGE = YES_ERROR;
				CLANG_WARN_DOCUMENTATION_COMMENTS = YES;
				CLANG_WARN_EMPTY_BODY = YES;
				CLANG_WARN_ENUM_CONVERSION = YES;
				CLANG_WARN_INFINITE_RECURSION = YES;
				CLANG_WARN_INT_CONVERSION = YES;
				CLANG_WARN_NON_LITERAL_NULL_CONVERSION = YES;
				CLANG_WARN_OBJC_IMPLICIT_RETAIN_SELF = YES;
				CLANG_WARN_OBJC_LITERAL_CONVERSION = YES;
				CLANG_WARN_OBJC_ROOT_CLASS = YES_ERROR;
				CLANG_WARN_RANGE_LOOP_ANALYSIS = YES;
				CLANG_WARN_STRICT_PROTOTYPES = YES;
				CLANG_WARN_SUSPICIOUS_MOVE = YES;
				CLANG_WARN_UNGUARDED_AVAILABILITY = YES_AGGRESSIVE;
				CLANG_WARN_UNREACHABLE_CODE = YES;
				CLANG_WARN__DUPLICATE_METHOD_MATCH = YES;
				CODE_SIGN_IDENTITY = "iPhone Developer";
				COPY_PHASE_STRIP = NO;
				DEBUG_INFORMATION_FORMAT = "dwarf-with-dsym";
				ENABLE_NS_ASSERTIONS = NO;
				ENABLE_STRICT_OBJC_MSGSEND = YES;
				GCC_C_LANGUAGE_STANDARD = gnu11;
				GCC_NO_COMMON_BLOCKS = YES;
				GCC_WARN_64_TO_32_BIT_CONVERSION = YES;
				GCC_WARN_ABOUT_RETURN_TYPE = YES_ERROR;
				GCC_WARN_UNDECLARED_SELECTOR = YES;
				GCC_WARN_UNINITIALIZED_AUTOS = YES_AGGRESSIVE;
				GCC_WARN_UNUSED_FUNCTION = YES;
				GCC_WARN_UNUSED_VARIABLE = YES;
				IPHONEOS_DEPLOYMENT_TARGET = 12.1;
				MTL_ENABLE_DEBUG_INFO = NO;
				MTL_FAST_MATH = YES;
				SDKROOT = iphoneos;
				SWIFT_COMPILATION_MODE = wholemodule;
				SWIFT_OPTIMIZATION_LEVEL = "-O";
				VALIDATE_PRODUCT = YES;
			};
			name = Release;
		};
		959B25DA21C351EF00DAF5DB /* Debug */ = {
			isa = XCBuildConfiguration;
			baseConfigurationReference = 28E6DB774466DB22262DE92A /* Pods-DatabaseSpreadsheet.debug.xcconfig */;
			buildSettings = {
				ASSETCATALOG_COMPILER_APPICON_NAME = AppIcon;
				CODE_SIGN_STYLE = Automatic;
				DEVELOPMENT_TEAM = 5Q75DE3GYF;
				INFOPLIST_FILE = DatabaseSpreadsheet/Info.plist;
				LD_RUNPATH_SEARCH_PATHS = (
					"$(inherited)",
					"@executable_path/Frameworks",
				);
				PRODUCT_BUNDLE_IDENTIFIER = adrewno1.DatabaseSpreadsheet;
				PRODUCT_NAME = "$(TARGET_NAME)";
				SWIFT_VERSION = 4.2;
				TARGETED_DEVICE_FAMILY = "1,2";
			};
			name = Debug;
		};
		959B25DB21C351EF00DAF5DB /* Release */ = {
			isa = XCBuildConfiguration;
			baseConfigurationReference = 3DE1E1123D9E441A3805F68D /* Pods-DatabaseSpreadsheet.release.xcconfig */;
			buildSettings = {
				ASSETCATALOG_COMPILER_APPICON_NAME = AppIcon;
				CODE_SIGN_STYLE = Automatic;
				DEVELOPMENT_TEAM = 5Q75DE3GYF;
				INFOPLIST_FILE = DatabaseSpreadsheet/Info.plist;
				LD_RUNPATH_SEARCH_PATHS = (
					"$(inherited)",
					"@executable_path/Frameworks",
				);
				PRODUCT_BUNDLE_IDENTIFIER = adrewno1.DatabaseSpreadsheet;
				PRODUCT_NAME = "$(TARGET_NAME)";
				SWIFT_VERSION = 4.2;
				TARGETED_DEVICE_FAMILY = "1,2";
			};
			name = Release;
		};
		959B25DD21C351EF00DAF5DB /* Debug */ = {
			isa = XCBuildConfiguration;
			baseConfigurationReference = 69E7BDB309360E664786400C /* Pods-DatabaseSpreadsheetTests.debug.xcconfig */;
			buildSettings = {
				ALWAYS_EMBED_SWIFT_STANDARD_LIBRARIES = YES;
				BUNDLE_LOADER = "$(TEST_HOST)";
				CODE_SIGN_STYLE = Automatic;
				DEVELOPMENT_TEAM = 5Q75DE3GYF;
				INFOPLIST_FILE = DatabaseSpreadsheetTests/Info.plist;
				LD_RUNPATH_SEARCH_PATHS = (
					"$(inherited)",
					"@executable_path/Frameworks",
					"@loader_path/Frameworks",
				);
				PRODUCT_BUNDLE_IDENTIFIER = adrewno1.DatabaseSpreadsheetTests;
				PRODUCT_NAME = "$(TARGET_NAME)";
				SWIFT_VERSION = 4.2;
				TARGETED_DEVICE_FAMILY = "1,2";
				TEST_HOST = "$(BUILT_PRODUCTS_DIR)/DatabaseSpreadsheet.app/DatabaseSpreadsheet";
			};
			name = Debug;
		};
		959B25DE21C351EF00DAF5DB /* Release */ = {
			isa = XCBuildConfiguration;
			baseConfigurationReference = 15A4EEA58B6E03AAED231E45 /* Pods-DatabaseSpreadsheetTests.release.xcconfig */;
			buildSettings = {
				ALWAYS_EMBED_SWIFT_STANDARD_LIBRARIES = YES;
				BUNDLE_LOADER = "$(TEST_HOST)";
				CODE_SIGN_STYLE = Automatic;
				DEVELOPMENT_TEAM = 5Q75DE3GYF;
				INFOPLIST_FILE = DatabaseSpreadsheetTests/Info.plist;
				LD_RUNPATH_SEARCH_PATHS = (
					"$(inherited)",
					"@executable_path/Frameworks",
					"@loader_path/Frameworks",
				);
				PRODUCT_BUNDLE_IDENTIFIER = adrewno1.DatabaseSpreadsheetTests;
				PRODUCT_NAME = "$(TARGET_NAME)";
				SWIFT_VERSION = 4.2;
				TARGETED_DEVICE_FAMILY = "1,2";
				TEST_HOST = "$(BUILT_PRODUCTS_DIR)/DatabaseSpreadsheet.app/DatabaseSpreadsheet";
			};
			name = Release;
		};
		959B25E021C351EF00DAF5DB /* Debug */ = {
			isa = XCBuildConfiguration;
			baseConfigurationReference = F298840E127082F4FB37A1F3 /* Pods-DatabaseSpreadsheetUITests.debug.xcconfig */;
			buildSettings = {
				ALWAYS_EMBED_SWIFT_STANDARD_LIBRARIES = YES;
				CODE_SIGN_STYLE = Automatic;
				DEVELOPMENT_TEAM = 5Q75DE3GYF;
				INFOPLIST_FILE = DatabaseSpreadsheetUITests/Info.plist;
				LD_RUNPATH_SEARCH_PATHS = (
					"$(inherited)",
					"@executable_path/Frameworks",
					"@loader_path/Frameworks",
				);
				PRODUCT_BUNDLE_IDENTIFIER = adrewno1.DatabaseSpreadsheetUITests;
				PRODUCT_NAME = "$(TARGET_NAME)";
				SWIFT_VERSION = 4.2;
				TARGETED_DEVICE_FAMILY = "1,2";
				TEST_TARGET_NAME = DatabaseSpreadsheet;
			};
			name = Debug;
		};
		959B25E121C351EF00DAF5DB /* Release */ = {
			isa = XCBuildConfiguration;
			baseConfigurationReference = 7CC0F8360B3F48B433F7C543 /* Pods-DatabaseSpreadsheetUITests.release.xcconfig */;
			buildSettings = {
				ALWAYS_EMBED_SWIFT_STANDARD_LIBRARIES = YES;
				CODE_SIGN_STYLE = Automatic;
				DEVELOPMENT_TEAM = 5Q75DE3GYF;
				INFOPLIST_FILE = DatabaseSpreadsheetUITests/Info.plist;
				LD_RUNPATH_SEARCH_PATHS = (
					"$(inherited)",
					"@executable_path/Frameworks",
					"@loader_path/Frameworks",
				);
				PRODUCT_BUNDLE_IDENTIFIER = adrewno1.DatabaseSpreadsheetUITests;
				PRODUCT_NAME = "$(TARGET_NAME)";
				SWIFT_VERSION = 4.2;
				TARGETED_DEVICE_FAMILY = "1,2";
				TEST_TARGET_NAME = DatabaseSpreadsheet;
			};
			name = Release;
		};
/* End XCBuildConfiguration section */

/* Begin XCConfigurationList section */
		959B25AC21C351ED00DAF5DB /* Build configuration list for PBXProject "DatabaseSpreadsheet" */ = {
			isa = XCConfigurationList;
			buildConfigurations = (
				959B25D721C351EF00DAF5DB /* Debug */,
				959B25D821C351EF00DAF5DB /* Release */,
			);
			defaultConfigurationIsVisible = 0;
			defaultConfigurationName = Release;
		};
		959B25D921C351EF00DAF5DB /* Build configuration list for PBXNativeTarget "DatabaseSpreadsheet" */ = {
			isa = XCConfigurationList;
			buildConfigurations = (
				959B25DA21C351EF00DAF5DB /* Debug */,
				959B25DB21C351EF00DAF5DB /* Release */,
			);
			defaultConfigurationIsVisible = 0;
			defaultConfigurationName = Release;
		};
		959B25DC21C351EF00DAF5DB /* Build configuration list for PBXNativeTarget "DatabaseSpreadsheetTests" */ = {
			isa = XCConfigurationList;
			buildConfigurations = (
				959B25DD21C351EF00DAF5DB /* Debug */,
				959B25DE21C351EF00DAF5DB /* Release */,
			);
			defaultConfigurationIsVisible = 0;
			defaultConfigurationName = Release;
		};
		959B25DF21C351EF00DAF5DB /* Build configuration list for PBXNativeTarget "DatabaseSpreadsheetUITests" */ = {
			isa = XCConfigurationList;
			buildConfigurations = (
				959B25E021C351EF00DAF5DB /* Debug */,
				959B25E121C351EF00DAF5DB /* Release */,
			);
			defaultConfigurationIsVisible = 0;
			defaultConfigurationName = Release;
		};
/* End XCConfigurationList section */

/* Begin XCVersionGroup section */
		95C501D6228A1F6700EA16C2 /* DatabaseSpreadsheetModel.xcdatamodeld */ = {
			isa = XCVersionGroup;
			children = (
				95C501D7228A1F6700EA16C2 /* DatabaseSpreadsheetModel.xcdatamodel */,
			);
			currentVersion = 95C501D7228A1F6700EA16C2 /* DatabaseSpreadsheetModel.xcdatamodel */;
			path = DatabaseSpreadsheetModel.xcdatamodeld;
			sourceTree = "<group>";
			versionGroupType = wrapper.xcdatamodel;
		};
/* End XCVersionGroup section */
	};
	rootObject = 959B25A921C351ED00DAF5DB /* Project object */;
}
